
Microsoft Visual Studio Solution File, Format Version 12.00
# Visual Studio 15
VisualStudioVersion = 15.0.27130.2024
MinimumVisualStudioVersion = 10.0.40219.1
Project("{FAE04EC0-301F-11D3-BF4B-00C04F79EFBC}") = "ToDoMvc", "ToDoMvc\ToDoMvc.csproj", "{AD4C4E42-D5A4-4AD5-A51C-E4C0AD90E822}"
EndProject
Global
	GlobalSection(SolutionConfigurationPlatforms) = preSolution
		Debug|Any CPU = Debug|Any CPU
		Release|Any CPU = Release|Any CPU
	EndGlobalSection
	GlobalSection(ProjectConfigurationPlatforms) = postSolution
		{AD4C4E42-D5A4-4AD5-A51C-E4C0AD90E822}.Debug|Any CPU.ActiveCfg = Debug|Any CPU
		{AD4C4E42-D5A4-4AD5-A51C-E4C0AD90E822}.Debug|Any CPU.Build.0 = Debug|Any CPU
		{AD4C4E42-D5A4-4AD5-A51C-E4C0AD90E822}.Release|Any CPU.ActiveCfg = Release|Any CPU
		{AD4C4E42-D5A4-4AD5-A51C-E4C0AD90E822}.Release|Any CPU.Build.0 = Release|Any CPU
	EndGlobalSection
	GlobalSection(SolutionProperties) = preSolution
		HideSolutionNode = FALSE
	EndGlobalSection
	GlobalSection(ExtensibilityGlobals) = postSolution
		SolutionGuid = {F3A327B1-F343-4480-8604-E2FEF34021CC}
	EndGlobalSection
EndGlobal
